// !$*UTF8*$!
{
	archiveVersion = 1;
	classes = {
	};
	objectVersion = 50;
	objects = {

/* Begin PBXBuildFile section */
		B1A859092455C7490035AB2E /* Assets.xcassets in Resources */ = {isa = PBXBuildFile; fileRef = B1A859082455C7490035AB2E /* Assets.xcassets */; };
		B1A859102455C7490035AB2E /* GMessage MessagesExtension.appex in Embed App Extensions */ = {isa = PBXBuildFile; fileRef = B1A8590F2455C7490035AB2E /* GMessage MessagesExtension.appex */; settings = {ATTRIBUTES = (RemoveHeadersOnCopy, ); }; };
		B1A859152455C7490035AB2E /* Messages.framework in Frameworks */ = {isa = PBXBuildFile; fileRef = B1A859142455C7490035AB2E /* Messages.framework */; };
		B1A859182455C7490035AB2E /* MessagesViewController.swift in Sources */ = {isa = PBXBuildFile; fileRef = B1A859172455C7490035AB2E /* MessagesViewController.swift */; };
		B1A8591B2455C7490035AB2E /* MainInterface.storyboard in Resources */ = {isa = PBXBuildFile; fileRef = B1A859192455C7490035AB2E /* MainInterface.storyboard */; };
		B1A8591D2455C74A0035AB2E /* Assets.xcassets in Resources */ = {isa = PBXBuildFile; fileRef = B1A8591C2455C74A0035AB2E /* Assets.xcassets */; };
/* End PBXBuildFile section */

/* Begin PBXContainerItemProxy section */
		B1A859112455C7490035AB2E /* PBXContainerItemProxy */ = {
			isa = PBXContainerItemProxy;
			containerPortal = B1A858FF2455C7460035AB2E /* Project object */;
			proxyType = 1;
			remoteGlobalIDString = B1A8590E2455C7490035AB2E;
			remoteInfo = "GMessage MessagesExtension";
		};
/* End PBXContainerItemProxy section */

/* Begin PBXCopyFilesBuildPhase section */
		B1A859242455C74A0035AB2E /* Embed App Extensions */ = {
			isa = PBXCopyFilesBuildPhase;
			buildActionMask = 2147483647;
			dstPath = "";
			dstSubfolderSpec = 13;
			files = (
				B1A859102455C7490035AB2E /* GMessage MessagesExtension.appex in Embed App Extensions */,
			);
			name = "Embed App Extensions";
			runOnlyForDeploymentPostprocessing = 0;
		};
/* End PBXCopyFilesBuildPhase section */

/* Begin PBXFileReference section */
		B1A859052455C7460035AB2E /* GMessage.app */ = {isa = PBXFileReference; explicitFileType = wrapper.application; includeInIndex = 0; path = GMessage.app; sourceTree = BUILT_PRODUCTS_DIR; };
		B1A859082455C7490035AB2E /* Assets.xcassets */ = {isa = PBXFileReference; lastKnownFileType = folder.assetcatalog; path = Assets.xcassets; sourceTree = "<group>"; };
		B1A8590A2455C7490035AB2E /* Info.plist */ = {isa = PBXFileReference; lastKnownFileType = text.plist.xml; path = Info.plist; sourceTree = "<group>"; };
		B1A8590F2455C7490035AB2E /* GMessage MessagesExtension.appex */ = {isa = PBXFileReference; explicitFileType = "wrapper.app-extension"; includeInIndex = 0; path = "GMessage MessagesExtension.appex"; sourceTree = BUILT_PRODUCTS_DIR; };
		B1A859142455C7490035AB2E /* Messages.framework */ = {isa = PBXFileReference; lastKnownFileType = wrapper.framework; name = Messages.framework; path = System/Library/Frameworks/Messages.framework; sourceTree = SDKROOT; };
		B1A859172455C7490035AB2E /* MessagesViewController.swift */ = {isa = PBXFileReference; lastKnownFileType = sourcecode.swift; path = MessagesViewController.swift; sourceTree = "<group>"; };
		B1A8591A2455C7490035AB2E /* Base */ = {isa = PBXFileReference; lastKnownFileType = file.storyboard; name = Base; path = Base.lproj/MainInterface.storyboard; sourceTree = "<group>"; };
		B1A8591C2455C74A0035AB2E /* Assets.xcassets */ = {isa = PBXFileReference; lastKnownFileType = folder.assetcatalog; path = Assets.xcassets; sourceTree = "<group>"; };
		B1A8591E2455C74A0035AB2E /* Info.plist */ = {isa = PBXFileReference; lastKnownFileType = text.plist.xml; path = Info.plist; sourceTree = "<group>"; };
/* End PBXFileReference section */

/* Begin PBXFrameworksBuildPhase section */
		B1A8590C2455C7490035AB2E /* Frameworks */ = {
			isa = PBXFrameworksBuildPhase;
			buildActionMask = 2147483647;
			files = (
				B1A859152455C7490035AB2E /* Messages.framework in Frameworks */,
			);
			runOnlyForDeploymentPostprocessing = 0;
		};
/* End PBXFrameworksBuildPhase section */

/* Begin PBXGroup section */
		B1A858FE2455C7460035AB2E = {
			isa = PBXGroup;
			children = (
				B1A859072455C7460035AB2E /* GMessage */,
				B1A859162455C7490035AB2E /* GMessage MessagesExtension */,
				B1A859132455C7490035AB2E /* Frameworks */,
				B1A859062455C7460035AB2E /* Products */,
			);
			sourceTree = "<group>";
		};
		B1A859062455C7460035AB2E /* Products */ = {
			isa = PBXGroup;
			children = (
				B1A859052455C7460035AB2E /* GMessage.app */,
				B1A8590F2455C7490035AB2E /* GMessage MessagesExtension.appex */,
			);
			name = Products;
			sourceTree = "<group>";
		};
		B1A859072455C7460035AB2E /* GMessage */ = {
			isa = PBXGroup;
			children = (
				B1A859082455C7490035AB2E /* Assets.xcassets */,
				B1A8590A2455C7490035AB2E /* Info.plist */,
			);
			path = GMessage;
			sourceTree = "<group>";
		};
		B1A859132455C7490035AB2E /* Frameworks */ = {
			isa = PBXGroup;
			children = (
				B1A859142455C7490035AB2E /* Messages.framework */,
			);
			name = Frameworks;
			sourceTree = "<group>";
		};
		B1A859162455C7490035AB2E /* GMessage MessagesExtension */ = {
			isa = PBXGroup;
			children = (
				B1A859172455C7490035AB2E /* MessagesViewController.swift */,
				B1A859192455C7490035AB2E /* MainInterface.storyboard */,
				B1A8591C2455C74A0035AB2E /* Assets.xcassets */,
				B1A8591E2455C74A0035AB2E /* Info.plist */,
			);
			path = "GMessage MessagesExtension";
			sourceTree = "<group>";
		};
/* End PBXGroup section */

/* Begin PBXNativeTarget section */
		B1A859042455C7460035AB2E /* GMessage */ = {
			isa = PBXNativeTarget;
			buildConfigurationList = B1A859252455C74A0035AB2E /* Build configuration list for PBXNativeTarget "GMessage" */;
			buildPhases = (
				B1A859032455C7460035AB2E /* Resources */,
				B1A859242455C74A0035AB2E /* Embed App Extensions */,
			);
			buildRules = (
			);
			dependencies = (
				B1A859122455C7490035AB2E /* PBXTargetDependency */,
			);
			name = GMessage;
			productName = GMessage;
			productReference = B1A859052455C7460035AB2E /* GMessage.app */;
			productType = "com.apple.product-type.application.messages";
		};
		B1A8590E2455C7490035AB2E /* GMessage MessagesExtension */ = {
			isa = PBXNativeTarget;
			buildConfigurationList = B1A859212455C74A0035AB2E /* Build configuration list for PBXNativeTarget "GMessage MessagesExtension" */;
			buildPhases = (
				B1A8590B2455C7490035AB2E /* Sources */,
				B1A8590C2455C7490035AB2E /* Frameworks */,
				B1A8590D2455C7490035AB2E /* Resources */,
			);
			buildRules = (
			);
			dependencies = (
			);
			name = "GMessage MessagesExtension";
			productName = "GMessage MessagesExtension";
			productReference = B1A8590F2455C7490035AB2E /* GMessage MessagesExtension.appex */;
			productType = "com.apple.product-type.app-extension.messages";
		};
/* End PBXNativeTarget section */

/* Begin PBXProject section */
		B1A858FF2455C7460035AB2E /* Project object */ = {
			isa = PBXProject;
			attributes = {
				LastSwiftUpdateCheck = 1130;
				LastUpgradeCheck = 1130;
				ORGANIZATIONNAME = "Gorakh Chavan";
				TargetAttributes = {
					B1A859042455C7460035AB2E = {
						CreatedOnToolsVersion = 11.3.1;
					};
					B1A8590E2455C7490035AB2E = {
						CreatedOnToolsVersion = 11.3.1;
					};
				};
			};
			buildConfigurationList = B1A859022455C7460035AB2E /* Build configuration list for PBXProject "GMessage" */;
			compatibilityVersion = "Xcode 9.3";
			developmentRegion = en;
			hasScannedForEncodings = 0;
			knownRegions = (
				en,
				Base,
			);
			mainGroup = B1A858FE2455C7460035AB2E;
			productRefGroup = B1A859062455C7460035AB2E /* Products */;
			projectDirPath = "";
			projectRoot = "";
			targets = (
				B1A859042455C7460035AB2E /* GMessage */,
				B1A8590E2455C7490035AB2E /* GMessage MessagesExtension */,
			);
		};
/* End PBXProject section */

/* Begin PBXResourcesBuildPhase section */
		B1A859032455C7460035AB2E /* Resources */ = {
			isa = PBXResourcesBuildPhase;
			buildActionMask = 2147483647;
			files = (
				B1A859092455C7490035AB2E /* Assets.xcassets in Resources */,
			);
			runOnlyForDeploymentPostprocessing = 0;
		};
		B1A8590D2455C7490035AB2E /* Resources */ = {
			isa = PBXResourcesBuildPhase;
			buildActionMask = 2147483647;
			files = (
				B1A8591D2455C74A0035AB2E /* Assets.xcassets in Resources */,
				B1A8591B2455C7490035AB2E /* MainInterface.storyboard in Resources */,
			);
			runOnlyForDeploymentPostprocessing = 0;
		};
/* End PBXResourcesBuildPhase section */

/* Begin PBXSourcesBuildPhase section */
		B1A8590B2455C7490035AB2E /* Sources */ = {
			isa = PBXSourcesBuildPhase;
			buildActionMask = 2147483647;
			files = (
				B1A859182455C7490035AB2E /* MessagesViewController.swift in Sources */,
			);
			runOnlyForDeploymentPostprocessing = 0;
		};
/* End PBXSourcesBuildPhase section */

/* Begin PBXTargetDependency section */
		B1A859122455C7490035AB2E /* PBXTargetDependency */ = {
			isa = PBXTargetDependency;
			target = B1A8590E2455C7490035AB2E /* GMessage MessagesExtension */;
			targetProxy = B1A859112455C7490035AB2E /* PBXContainerItemProxy */;
		};
/* End PBXTargetDependency section */

/* Begin PBXVariantGroup section */
		B1A859192455C7490035AB2E /* MainInterface.storyboard */ = {
			isa = PBXVariantGroup;
			children = (
				B1A8591A2455C7490035AB2E /* Base */,
			);
			name = MainInterface.storyboard;
			sourceTree = "<group>";
		};
/* End PBXVariantGroup section */

/* Begin XCBuildConfiguration section */
		B1A8591F2455C74A0035AB2E /* Debug */ = {
			isa = XCBuildConfiguration;
			buildSettings = {
				ALWAYS_SEARCH_USER_PATHS = NO;
				CLANG_ANALYZER_NONNULL = YES;
				CLANG_ANALYZER_NUMBER_OBJECT_CONVERSION = YES_AGGRESSIVE;
				CLANG_CXX_LANGUAGE_STANDARD = "gnu++14";
				CLANG_CXX_LIBRARY = "libc++";
				CLANG_ENABLE_MODULES = YES;
				CLANG_ENABLE_OBJC_ARC = YES;
				CLANG_ENABLE_OBJC_WEAK = YES;
				CLANG_WARN_BLOCK_CAPTURE_AUTORELEASING = YES;
				CLANG_WARN_BOOL_CONVERSION = YES;
				CLANG_WARN_COMMA = YES;
				CLANG_WARN_CONSTANT_CONVERSION = YES;
				CLANG_WARN_DEPRECATED_OBJC_IMPLEMENTATIONS = YES;
				CLANG_WARN_DIRECT_OBJC_ISA_USAGE = YES_ERROR;
				CLANG_WARN_DOCUMENTATION_COMMENTS = YES;
				CLANG_WARN_EMPTY_BODY = YES;
				CLANG_WARN_ENUM_CONVERSION = YES;
				CLANG_WARN_INFINITE_RECURSION = YES;
				CLANG_WARN_INT_CONVERSION = YES;
				CLANG_WARN_NON_LITERAL_NULL_CONVERSION = YES;
				CLANG_WARN_OBJC_IMPLICIT_RETAIN_SELF = YES;
				CLANG_WARN_OBJC_LITERAL_CONVERSION = YES;
				CLANG_WARN_OBJC_ROOT_CLASS = YES_ERROR;
				CLANG_WARN_RANGE_LOOP_ANALYSIS = YES;
				CLANG_WARN_STRICT_PROTOTYPES = YES;
				CLANG_WARN_SUSPICIOUS_MOVE = YES;
				CLANG_WARN_UNGUARDED_AVAILABILITY = YES_AGGRESSIVE;
				CLANG_WARN_UNREACHABLE_CODE = YES;
				CLANG_WARN__DUPLICATE_METHOD_MATCH = YES;
				COPY_PHASE_STRIP = NO;
				DEBUG_INFORMATION_FORMAT = dwarf;
				ENABLE_STRICT_OBJC_MSGSEND = YES;
				ENABLE_TESTABILITY = YES;
				GCC_C_LANGUAGE_STANDARD = gnu11;
				GCC_DYNAMIC_NO_PIC = NO;
				GCC_NO_COMMON_BLOCKS = YES;
				GCC_OPTIMIZATION_LEVEL = 0;
				GCC_PREPROCESSOR_DEFINITIONS = (
					"DEBUG=1",
					"$(inherited)",
				);
				GCC_WARN_64_TO_32_BIT_CONVERSION = YES;
				GCC_WARN_ABOUT_RETURN_TYPE = YES_ERROR;
				GCC_WARN_UNDECLARED_SELECTOR = YES;
				GCC_WARN_UNINITIALIZED_AUTOS = YES_AGGRESSIVE;
				GCC_WARN_UNUSED_FUNCTION = YES;
				GCC_WARN_UNUSED_VARIABLE = YES;
				IPHONEOS_DEPLOYMENT_TARGET = 13.2;
				MTL_ENABLE_DEBUG_INFO = INCLUDE_SOURCE;
				MTL_FAST_MATH = YES;
				ONLY_ACTIVE_ARCH = YES;
				SDKROOT = iphoneos;
				SWIFT_ACTIVE_COMPILATION_CONDITIONS = DEBUG;
				SWIFT_OPTIMIZATION_LEVEL = "-Onone";
			};
			name = Debug;
		};
		B1A859202455C74A0035AB2E /* Release */ = {
			isa = XCBuildConfiguration;
			buildSettings = {
				ALWAYS_SEARCH_USER_PATHS = NO;
				CLANG_ANALYZER_NONNULL = YES;
				CLANG_ANALYZER_NUMBER_OBJECT_CONVERSION = YES_AGGRESSIVE;
				CLANG_CXX_LANGUAGE_STANDARD = "gnu++14";
				CLANG_CXX_LIBRARY = "libc++";
				CLANG_ENABLE_MODULES = YES;
				CLANG_ENABLE_OBJC_ARC = YES;
				CLANG_ENABLE_OBJC_WEAK = YES;
				CLANG_WARN_BLOCK_CAPTURE_AUTORELEASING = YES;
				CLANG_WARN_BOOL_CONVERSION = YES;
				CLANG_WARN_COMMA = YES;
				CLANG_WARN_CONSTANT_CONVERSION = YES;
				CLANG_WARN_DEPRECATED_OBJC_IMPLEMENTATIONS = YES;
				CLANG_WARN_DIRECT_OBJC_ISA_USAGE = YES_ERROR;
				CLANG_WARN_DOCUMENTATION_COMMENTS = YES;
				CLANG_WARN_EMPTY_BODY = YES;
				CLANG_WARN_ENUM_CONVERSION = YES;
				CLANG_WARN_INFINITE_RECURSION = YES;
				CLANG_WARN_INT_CONVERSION = YES;
				CLANG_WARN_NON_LITERAL_NULL_CONVERSION = YES;
				CLANG_WARN_OBJC_IMPLICIT_RETAIN_SELF = YES;
				CLANG_WARN_OBJC_LITERAL_CONVERSION = YES;
				CLANG_WARN_OBJC_ROOT_CLASS = YES_ERROR;
				CLANG_WARN_RANGE_LOOP_ANALYSIS = YES;
				CLANG_WARN_STRICT_PROTOTYPES = YES;
				CLANG_WARN_SUSPICIOUS_MOVE = YES;
				CLANG_WARN_UNGUARDED_AVAILABILITY = YES_AGGRESSIVE;
				CLANG_WARN_UNREACHABLE_CODE = YES;
				CLANG_WARN__DUPLICATE_METHOD_MATCH = YES;
				COPY_PHASE_STRIP = NO;
				DEBUG_INFORMATION_FORMAT = "dwarf-with-dsym";
				ENABLE_NS_ASSERTIONS = NO;
				ENABLE_STRICT_OBJC_MSGSEND = YES;
				GCC_C_LANGUAGE_STANDARD = gnu11;
				GCC_NO_COMMON_BLOCKS = YES;
				GCC_WARN_64_TO_32_BIT_CONVERSION = YES;
				GCC_WARN_ABOUT_RETURN_TYPE = YES_ERROR;
				GCC_WARN_UNDECLARED_SELECTOR = YES;
				GCC_WARN_UNINITIALIZED_AUTOS = YES_AGGRESSIVE;
				GCC_WARN_UNUSED_FUNCTION = YES;
				GCC_WARN_UNUSED_VARIABLE = YES;
				IPHONEOS_DEPLOYMENT_TARGET = 13.2;
				MTL_ENABLE_DEBUG_INFO = NO;
				MTL_FAST_MATH = YES;
				SDKROOT = iphoneos;
				SWIFT_COMPILATION_MODE = wholemodule;
				SWIFT_OPTIMIZATION_LEVEL = "-O";
				VALIDATE_PRODUCT = YES;
			};
			name = Release;
		};
		B1A859222455C74A0035AB2E /* Debug */ = {
			isa = XCBuildConfiguration;
			buildSettings = {
				ASSETCATALOG_COMPILER_APPICON_NAME = "iMessage App Icon";
				CODE_SIGN_STYLE = Automatic;
				DEVELOPMENT_TEAM = R4CPN36WQU;
				INFOPLIST_FILE = "GMessage MessagesExtension/Info.plist";
				LD_RUNPATH_SEARCH_PATHS = (
					"$(inherited)",
					"@executable_path/Frameworks",
					"@executable_path/../../Frameworks",
				);
				PRODUCT_BUNDLE_IDENTIFIER = "com.grc-sr.GMessage.MessagesExtension";
				PRODUCT_NAME = "$(TARGET_NAME)";
				SKIP_INSTALL = YES;
				SWIFT_VERSION = 5.0;
				TARGETED_DEVICE_FAMILY = "1,2";
			};
			name = Debug;
		};
		B1A859232455C74A0035AB2E /* Release */ = {
			isa = XCBuildConfiguration;
			buildSettings = {
				ASSETCATALOG_COMPILER_APPICON_NAME = "iMessage App Icon";
				CODE_SIGN_STYLE = Automatic;
				DEVELOPMENT_TEAM = R4CPN36WQU;
				INFOPLIST_FILE = "GMessage MessagesExtension/Info.plist";
				LD_RUNPATH_SEARCH_PATHS = (
					"$(inherited)",
					"@executable_path/Frameworks",
					"@executable_path/../../Frameworks",
				);
				PRODUCT_BUNDLE_IDENTIFIER = "com.grc-sr.GMessage.MessagesExtension";
				PRODUCT_NAME = "$(TARGET_NAME)";
				SKIP_INSTALL = YES;
				SWIFT_VERSION = 5.0;
				TARGETED_DEVICE_FAMILY = "1,2";
			};
			name = Release;
		};
		B1A859262455C74A0035AB2E /* Debug */ = {
			isa = XCBuildConfiguration;
			buildSettings = {
				ALWAYS_EMBED_SWIFT_STANDARD_LIBRARIES = YES;
				ASSETCATALOG_COMPILER_APPICON_NAME = AppIcon;
				CODE_SIGN_STYLE = Automatic;
				DEVELOPMENT_TEAM = R4CPN36WQU;
				INFOPLIST_FILE = GMessage/Info.plist;
				PRODUCT_BUNDLE_IDENTIFIER = "com.grc-sr.GMessage";
				PRODUCT_NAME = "$(TARGET_NAME)";
				SWIFT_VERSION = 5.0;
				TARGETED_DEVICE_FAMILY = "1,2";
			};
			name = Debug;
		};
		B1A859272455C74A0035AB2E /* Release */ = {
			isa = XCBuildConfiguration;
			buildSettings = {
				ALWAYS_EMBED_SWIFT_STANDARD_LIBRARIES = YES;
				ASSETCATALOG_COMPILER_APPICON_NAME = AppIcon;
				CODE_SIGN_STYLE = Automatic;
				DEVELOPMENT_TEAM = R4CPN36WQU;
				INFOPLIST_FILE = GMessage/Info.plist;
				PRODUCT_BUNDLE_IDENTIFIER = "com.grc-sr.GMessage";
				PRODUCT_NAME = "$(TARGET_NAME)";
				SWIFT_VERSION = 5.0;
				TARGETED_DEVICE_FAMILY = "1,2";
			};
			name = Release;
		};
/* End XCBuildConfiguration section */

/* Begin XCConfigurationList section */
		B1A859022455C7460035AB2E /* Build configuration list for PBXProject "GMessage" */ = {
			isa = XCConfigurationList;
			buildConfigurations = (
				B1A8591F2455C74A0035AB2E /* Debug */,
				B1A859202455C74A0035AB2E /* Release */,
			);
			defaultConfigurationIsVisible = 0;
			defaultConfigurationName = Release;
		};
		B1A859212455C74A0035AB2E /* Build configuration list for PBXNativeTarget "GMessage MessagesExtension" */ = {
			isa = XCConfigurationList;
			buildConfigurations = (
				B1A859222455C74A0035AB2E /* Debug */,
				B1A859232455C74A0035AB2E /* Release */,
			);
			defaultConfigurationIsVisible = 0;
			defaultConfigurationName = Release;
		};
		B1A859252455C74A0035AB2E /* Build configuration list for PBXNativeTarget "GMessage" */ = {
			isa = XCConfigurationList;
			buildConfigurations = (
				B1A859262455C74A0035AB2E /* Debug */,
				B1A859272455C74A0035AB2E /* Release */,
			);
			defaultConfigurationIsVisible = 0;
			defaultConfigurationName = Release;
		};
/* End XCConfigurationList section */
	};
	rootObject = B1A858FF2455C7460035AB2E /* Project object */;
}
